
Microsoft Visual Studio Solution File, Format Version 12.00
# Visual Studio Version 17
VisualStudioVersion = 17.5.002.0
MinimumVisualStudioVersion = 10.0.40219.1
Project("{9A19103F-16F7-4668-BE54-9A1E7A4F7556}") = "kraeved", "kraeved.csproj", "{EA31068E-FE52-4197-89ED-A0B7A6C41B85}"
EndProject
Global
	GlobalSection(SolutionConfigurationPlatforms) = preSolution
		Debug|Any CPU = Debug|Any CPU
		Release|Any CPU = Release|Any CPU
	EndGlobalSection
	GlobalSection(ProjectConfigurationPlatforms) = postSolution
		{EA31068E-FE52-4197-89ED-A0B7A6C41B85}.Debug|Any CPU.ActiveCfg = Debug|Any CPU
		{EA31068E-FE52-4197-89ED-A0B7A6C41B85}.Debug|Any CPU.Build.0 = Debug|Any CPU
		{EA31068E-FE52-4197-89ED-A0B7A6C41B85}.Release|Any CPU.ActiveCfg = Release|Any CPU
		{EA31068E-FE52-4197-89ED-A0B7A6C41B85}.Release|Any CPU.Build.0 = Release|Any CPU
	EndGlobalSection
	GlobalSection(SolutionProperties) = preSolution
		HideSolutionNode = FALSE
	EndGlobalSection
	GlobalSection(ExtensibilityGlobals) = postSolution
		SolutionGuid = {C68B7745-9850-48DF-885F-08952D7857FD}
	EndGlobalSection
EndGlobal
